
Microsoft Visual Studio Solution File, Format Version 12.00
# Visual Studio Version 16
VisualStudioVersion = 16.0.29728.190
MinimumVisualStudioVersion = 10.0.40219.1
Project("{FAE04EC0-301F-11D3-BF4B-00C04F79EFBC}") = "EU_Voting_Calculator", "EU_Voting_Calculator.csproj", "{FD30DDD0-3217-4BFC-8446-57896BE14F12}"
EndProject
Global
	GlobalSection(SolutionConfigurationPlatforms) = preSolution
		Debug|Any CPU = Debug|Any CPU
		Release|Any CPU = Release|Any CPU
	EndGlobalSection
	GlobalSection(ProjectConfigurationPlatforms) = postSolution
		{FD30DDD0-3217-4BFC-8446-57896BE14F12}.Debug|Any CPU.ActiveCfg = Debug|Any CPU
		{FD30DDD0-3217-4BFC-8446-57896BE14F12}.Debug|Any CPU.Build.0 = Debug|Any CPU
		{FD30DDD0-3217-4BFC-8446-57896BE14F12}.Release|Any CPU.ActiveCfg = Release|Any CPU
		{FD30DDD0-3217-4BFC-8446-57896BE14F12}.Release|Any CPU.Build.0 = Release|Any CPU
	EndGlobalSection
	GlobalSection(SolutionProperties) = preSolution
		HideSolutionNode = FALSE
	EndGlobalSection
	GlobalSection(ExtensibilityGlobals) = postSolution
		SolutionGuid = {28CA40C1-F342-453E-97DD-009A6429F0D6}
	EndGlobalSection
EndGlobal
